// !$*UTF8*$!
{
	archiveVersion = 1;
	classes = {
	};
	objectVersion = 56;
	objects = {

/* Begin PBXBuildFile section */
		473A31632ACCE1C6004F5626 /* CameraService.swift in Sources */ = {isa = PBXBuildFile; fileRef = 473A31622ACCE1C6004F5626 /* CameraService.swift */; };
		473A31652ACCE1DC004F5626 /* ImagePickerView.swift in Sources */ = {isa = PBXBuildFile; fileRef = 473A31642ACCE1DC004F5626 /* ImagePickerView.swift */; };
		473A31672ACD1B52004F5626 /* CameraShootingView.swift in Sources */ = {isa = PBXBuildFile; fileRef = 473A31662ACD1B52004F5626 /* CameraShootingView.swift */; };
		473A31692ACD1D3E004F5626 /* CameraPreviewView.swift in Sources */ = {isa = PBXBuildFile; fileRef = 473A31682ACD1D3E004F5626 /* CameraPreviewView.swift */; };
		473A316C2ACE7616004F5626 /* String+Extensions.swift in Sources */ = {isa = PBXBuildFile; fileRef = 473A316B2ACE7616004F5626 /* String+Extensions.swift */; };
		4750433E2AC39AC300DD9AB2 /* CategoryListScreen.swift in Sources */ = {isa = PBXBuildFile; fileRef = 4750433D2AC39AC300DD9AB2 /* CategoryListScreen.swift */; };
		475043402AC3A46000DD9AB2 /* CategoryCellView.swift in Sources */ = {isa = PBXBuildFile; fileRef = 4750433F2AC3A46000DD9AB2 /* CategoryCellView.swift */; };
		475DF8F12AC553E000B96808 /* PhotoListScreen.swift in Sources */ = {isa = PBXBuildFile; fileRef = 475DF8F02AC553E000B96808 /* PhotoListScreen.swift */; };
		475DF8F52AC58F6600B96808 /* Photo.swift in Sources */ = {isa = PBXBuildFile; fileRef = 475DF8F42AC58F6600B96808 /* Photo.swift */; };
		475DF8F82AC592A900B96808 /* RealmConfiguration.swift in Sources */ = {isa = PBXBuildFile; fileRef = 475DF8F72AC592A900B96808 /* RealmConfiguration.swift */; };
		475DF8FA2AC68D7700B96808 /* PhotoListToolbarMenu.swift in Sources */ = {isa = PBXBuildFile; fileRef = 475DF8F92AC68D7700B96808 /* PhotoListToolbarMenu.swift */; };
		475DF8FD2AC6A06C00B96808 /* FileHelper.swift in Sources */ = {isa = PBXBuildFile; fileRef = 475DF8FC2AC6A06C00B96808 /* FileHelper.swift */; };
		475DF8FF2AC9515600B96808 /* CategoryNameAlert.swift in Sources */ = {isa = PBXBuildFile; fileRef = 475DF8FE2AC9515600B96808 /* CategoryNameAlert.swift */; };
		479963392AC4E585009EDBE2 /* Realm in Frameworks */ = {isa = PBXBuildFile; productRef = 479963382AC4E585009EDBE2 /* Realm */; };
		4799633B2AC4E585009EDBE2 /* RealmSwift in Frameworks */ = {isa = PBXBuildFile; productRef = 4799633A2AC4E585009EDBE2 /* RealmSwift */; };
		4799633E2AC4E6DB009EDBE2 /* Category.swift in Sources */ = {isa = PBXBuildFile; fileRef = 4799633D2AC4E6DB009EDBE2 /* Category.swift */; };
		47A740902ABABF0800C67B1C /* CycleSnapApp.swift in Sources */ = {isa = PBXBuildFile; fileRef = 47A7408F2ABABF0800C67B1C /* CycleSnapApp.swift */; };
		47A740922ABABF0800C67B1C /* ContentView.swift in Sources */ = {isa = PBXBuildFile; fileRef = 47A740912ABABF0800C67B1C /* ContentView.swift */; };
		47A740942ABABF0C00C67B1C /* Assets.xcassets in Resources */ = {isa = PBXBuildFile; fileRef = 47A740932ABABF0C00C67B1C /* Assets.xcassets */; };
		47A740972ABABF0C00C67B1C /* Preview Assets.xcassets in Resources */ = {isa = PBXBuildFile; fileRef = 47A740962ABABF0C00C67B1C /* Preview Assets.xcassets */; };
/* End PBXBuildFile section */

/* Begin PBXFileReference section */
		473A31622ACCE1C6004F5626 /* CameraService.swift */ = {isa = PBXFileReference; lastKnownFileType = sourcecode.swift; path = CameraService.swift; sourceTree = "<group>"; };
		473A31642ACCE1DC004F5626 /* ImagePickerView.swift */ = {isa = PBXFileReference; lastKnownFileType = sourcecode.swift; path = ImagePickerView.swift; sourceTree = "<group>"; };
		473A31662ACD1B52004F5626 /* CameraShootingView.swift */ = {isa = PBXFileReference; lastKnownFileType = sourcecode.swift; path = CameraShootingView.swift; sourceTree = "<group>"; };
		473A31682ACD1D3E004F5626 /* CameraPreviewView.swift */ = {isa = PBXFileReference; lastKnownFileType = sourcecode.swift; path = CameraPreviewView.swift; sourceTree = "<group>"; };
		473A316B2ACE7616004F5626 /* String+Extensions.swift */ = {isa = PBXFileReference; lastKnownFileType = sourcecode.swift; path = "String+Extensions.swift"; sourceTree = "<group>"; };
		4750433D2AC39AC300DD9AB2 /* CategoryListScreen.swift */ = {isa = PBXFileReference; lastKnownFileType = sourcecode.swift; path = CategoryListScreen.swift; sourceTree = "<group>"; };
		4750433F2AC3A46000DD9AB2 /* CategoryCellView.swift */ = {isa = PBXFileReference; lastKnownFileType = sourcecode.swift; path = CategoryCellView.swift; sourceTree = "<group>"; };
		475DF8F02AC553E000B96808 /* PhotoListScreen.swift */ = {isa = PBXFileReference; lastKnownFileType = sourcecode.swift; path = PhotoListScreen.swift; sourceTree = "<group>"; };
		475DF8F42AC58F6600B96808 /* Photo.swift */ = {isa = PBXFileReference; lastKnownFileType = sourcecode.swift; path = Photo.swift; sourceTree = "<group>"; };
		475DF8F72AC592A900B96808 /* RealmConfiguration.swift */ = {isa = PBXFileReference; lastKnownFileType = sourcecode.swift; path = RealmConfiguration.swift; sourceTree = "<group>"; };
		475DF8F92AC68D7700B96808 /* PhotoListToolbarMenu.swift */ = {isa = PBXFileReference; lastKnownFileType = sourcecode.swift; path = PhotoListToolbarMenu.swift; sourceTree = "<group>"; };
		475DF8FC2AC6A06C00B96808 /* FileHelper.swift */ = {isa = PBXFileReference; lastKnownFileType = sourcecode.swift; path = FileHelper.swift; sourceTree = "<group>"; };
		475DF8FE2AC9515600B96808 /* CategoryNameAlert.swift */ = {isa = PBXFileReference; lastKnownFileType = sourcecode.swift; path = CategoryNameAlert.swift; sourceTree = "<group>"; };
		4799633D2AC4E6DB009EDBE2 /* Category.swift */ = {isa = PBXFileReference; lastKnownFileType = sourcecode.swift; path = Category.swift; sourceTree = "<group>"; };
		47A7408C2ABABF0800C67B1C /* CycleSnap.app */ = {isa = PBXFileReference; explicitFileType = wrapper.application; includeInIndex = 0; path = CycleSnap.app; sourceTree = BUILT_PRODUCTS_DIR; };
		47A7408F2ABABF0800C67B1C /* CycleSnapApp.swift */ = {isa = PBXFileReference; lastKnownFileType = sourcecode.swift; path = CycleSnapApp.swift; sourceTree = "<group>"; };
		47A740912ABABF0800C67B1C /* ContentView.swift */ = {isa = PBXFileReference; lastKnownFileType = sourcecode.swift; path = ContentView.swift; sourceTree = "<group>"; };
		47A740932ABABF0C00C67B1C /* Assets.xcassets */ = {isa = PBXFileReference; lastKnownFileType = folder.assetcatalog; path = Assets.xcassets; sourceTree = "<group>"; };
		47A740962ABABF0C00C67B1C /* Preview Assets.xcassets */ = {isa = PBXFileReference; lastKnownFileType = folder.assetcatalog; path = "Preview Assets.xcassets"; sourceTree = "<group>"; };
/* End PBXFileReference section */

/* Begin PBXFrameworksBuildPhase section */
		47A740892ABABF0800C67B1C /* Frameworks */ = {
			isa = PBXFrameworksBuildPhase;
			buildActionMask = 2147483647;
			files = (
				4799633B2AC4E585009EDBE2 /* RealmSwift in Frameworks */,
				479963392AC4E585009EDBE2 /* Realm in Frameworks */,
			);
			runOnlyForDeploymentPostprocessing = 0;
		};
/* End PBXFrameworksBuildPhase section */

/* Begin PBXGroup section */
		473A31612ACCE1A5004F5626 /* Camera */ = {
			isa = PBXGroup;
			children = (
				473A31622ACCE1C6004F5626 /* CameraService.swift */,
				473A31642ACCE1DC004F5626 /* ImagePickerView.swift */,
				473A31662ACD1B52004F5626 /* CameraShootingView.swift */,
				473A31682ACD1D3E004F5626 /* CameraPreviewView.swift */,
			);
			path = Camera;
			sourceTree = "<group>";
		};
		473A316D2ACE7661004F5626 /* Extensions */ = {
			isa = PBXGroup;
			children = (
				473A316B2ACE7616004F5626 /* String+Extensions.swift */,
			);
			path = Extensions;
			sourceTree = "<group>";
		};
		4750433C2AC39A9F00DD9AB2 /* Views */ = {
			isa = PBXGroup;
			children = (
				47BD869F2ACB8826000894CC /* Common */,
				47BD869D2ACB8608000894CC /* CategoryList */,
				47BD86A02ACB8A11000894CC /* PhotoList */,
				473A31612ACCE1A5004F5626 /* Camera */,
			);
			path = Views;
			sourceTree = "<group>";
		};
		475DF8F62AC5929500B96808 /* Configurations */ = {
			isa = PBXGroup;
			children = (
				475DF8F72AC592A900B96808 /* RealmConfiguration.swift */,
			);
			path = Configurations;
			sourceTree = "<group>";
		};
		475DF8FB2AC6A05A00B96808 /* Utilities */ = {
			isa = PBXGroup;
			children = (
				475DF8FC2AC6A06C00B96808 /* FileHelper.swift */,
			);
			path = Utilities;
			sourceTree = "<group>";
		};
		4799633C2AC4E695009EDBE2 /* Models */ = {
			isa = PBXGroup;
			children = (
				4799633D2AC4E6DB009EDBE2 /* Category.swift */,
				475DF8F42AC58F6600B96808 /* Photo.swift */,
			);
			path = Models;
			sourceTree = "<group>";
		};
		47A740832ABABF0800C67B1C = {
			isa = PBXGroup;
			children = (
				47A7408E2ABABF0800C67B1C /* CycleSnap */,
				47A7408D2ABABF0800C67B1C /* Products */,
			);
			sourceTree = "<group>";
		};
		47A7408D2ABABF0800C67B1C /* Products */ = {
			isa = PBXGroup;
			children = (
				47A7408C2ABABF0800C67B1C /* CycleSnap.app */,
			);
			name = Products;
			sourceTree = "<group>";
		};
		47A7408E2ABABF0800C67B1C /* CycleSnap */ = {
			isa = PBXGroup;
			children = (
				473A316D2ACE7661004F5626 /* Extensions */,
				475DF8FB2AC6A05A00B96808 /* Utilities */,
				475DF8F62AC5929500B96808 /* Configurations */,
				4799633C2AC4E695009EDBE2 /* Models */,
				4750433C2AC39A9F00DD9AB2 /* Views */,
				47A7408F2ABABF0800C67B1C /* CycleSnapApp.swift */,
				47A740912ABABF0800C67B1C /* ContentView.swift */,
				47A740932ABABF0C00C67B1C /* Assets.xcassets */,
				47A740952ABABF0C00C67B1C /* Preview Content */,
			);
			path = CycleSnap;
			sourceTree = "<group>";
		};
		47A740952ABABF0C00C67B1C /* Preview Content */ = {
			isa = PBXGroup;
			children = (
				47A740962ABABF0C00C67B1C /* Preview Assets.xcassets */,
			);
			path = "Preview Content";
			sourceTree = "<group>";
		};
		47BD869D2ACB8608000894CC /* CategoryList */ = {
			isa = PBXGroup;
			children = (
				4750433D2AC39AC300DD9AB2 /* CategoryListScreen.swift */,
				4750433F2AC3A46000DD9AB2 /* CategoryCellView.swift */,
			);
			path = CategoryList;
			sourceTree = "<group>";
		};
		47BD869F2ACB8826000894CC /* Common */ = {
			isa = PBXGroup;
			children = (
				475DF8FE2AC9515600B96808 /* CategoryNameAlert.swift */,
			);
			path = Common;
			sourceTree = "<group>";
		};
		47BD86A02ACB8A11000894CC /* PhotoList */ = {
			isa = PBXGroup;
			children = (
				475DF8F02AC553E000B96808 /* PhotoListScreen.swift */,
				475DF8F92AC68D7700B96808 /* PhotoListToolbarMenu.swift */,
			);
			path = PhotoList;
			sourceTree = "<group>";
		};
/* End PBXGroup section */

/* Begin PBXNativeTarget section */
		47A7408B2ABABF0800C67B1C /* CycleSnap */ = {
			isa = PBXNativeTarget;
			buildConfigurationList = 47A7409A2ABABF0C00C67B1C /* Build configuration list for PBXNativeTarget "CycleSnap" */;
			buildPhases = (
				47A740882ABABF0800C67B1C /* Sources */,
				47A740892ABABF0800C67B1C /* Frameworks */,
				47A7408A2ABABF0800C67B1C /* Resources */,
			);
			buildRules = (
			);
			dependencies = (
			);
			name = CycleSnap;
			packageProductDependencies = (
				479963382AC4E585009EDBE2 /* Realm */,
				4799633A2AC4E585009EDBE2 /* RealmSwift */,
			);
			productName = CycleSnap;
			productReference = 47A7408C2ABABF0800C67B1C /* CycleSnap.app */;
			productType = "com.apple.product-type.application";
		};
/* End PBXNativeTarget section */

/* Begin PBXProject section */
		47A740842ABABF0800C67B1C /* Project object */ = {
			isa = PBXProject;
			attributes = {
				BuildIndependentTargetsInParallel = 1;
				LastSwiftUpdateCheck = 1430;
				LastUpgradeCheck = 1430;
				TargetAttributes = {
					47A7408B2ABABF0800C67B1C = {
						CreatedOnToolsVersion = 14.3.1;
					};
				};
			};
			buildConfigurationList = 47A740872ABABF0800C67B1C /* Build configuration list for PBXProject "CycleSnap" */;
			compatibilityVersion = "Xcode 14.0";
			developmentRegion = en;
			hasScannedForEncodings = 0;
			knownRegions = (
				en,
				Base,
				ja,
			);
			mainGroup = 47A740832ABABF0800C67B1C;
			packageReferences = (
				479963372AC4E585009EDBE2 /* XCRemoteSwiftPackageReference "realm-swift" */,
			);
			productRefGroup = 47A7408D2ABABF0800C67B1C /* Products */;
			projectDirPath = "";
			projectRoot = "";
			targets = (
				47A7408B2ABABF0800C67B1C /* CycleSnap */,
			);
		};
/* End PBXProject section */

/* Begin PBXResourcesBuildPhase section */
		47A7408A2ABABF0800C67B1C /* Resources */ = {
			isa = PBXResourcesBuildPhase;
			buildActionMask = 2147483647;
			files = (
				47A740972ABABF0C00C67B1C /* Preview Assets.xcassets in Resources */,
				47A740942ABABF0C00C67B1C /* Assets.xcassets in Resources */,
			);
			runOnlyForDeploymentPostprocessing = 0;
		};
/* End PBXResourcesBuildPhase section */

/* Begin PBXSourcesBuildPhase section */
		47A740882ABABF0800C67B1C /* Sources */ = {
			isa = PBXSourcesBuildPhase;
			buildActionMask = 2147483647;
			files = (
				475DF8F82AC592A900B96808 /* RealmConfiguration.swift in Sources */,
				475DF8F52AC58F6600B96808 /* Photo.swift in Sources */,
				473A31672ACD1B52004F5626 /* CameraShootingView.swift in Sources */,
				475DF8F12AC553E000B96808 /* PhotoListScreen.swift in Sources */,
				473A316C2ACE7616004F5626 /* String+Extensions.swift in Sources */,
				475DF8FF2AC9515600B96808 /* CategoryNameAlert.swift in Sources */,
				4750433E2AC39AC300DD9AB2 /* CategoryListScreen.swift in Sources */,
				4799633E2AC4E6DB009EDBE2 /* Category.swift in Sources */,
				47A740922ABABF0800C67B1C /* ContentView.swift in Sources */,
				475DF8FA2AC68D7700B96808 /* PhotoListToolbarMenu.swift in Sources */,
				473A31632ACCE1C6004F5626 /* CameraService.swift in Sources */,
				475043402AC3A46000DD9AB2 /* CategoryCellView.swift in Sources */,
				473A31652ACCE1DC004F5626 /* ImagePickerView.swift in Sources */,
				47A740902ABABF0800C67B1C /* CycleSnapApp.swift in Sources */,
				473A31692ACD1D3E004F5626 /* CameraPreviewView.swift in Sources */,
				475DF8FD2AC6A06C00B96808 /* FileHelper.swift in Sources */,
			);
			runOnlyForDeploymentPostprocessing = 0;
		};
/* End PBXSourcesBuildPhase section */

/* Begin XCBuildConfiguration section */
		47A740982ABABF0C00C67B1C /* Debug */ = {
			isa = XCBuildConfiguration;
			buildSettings = {
				ALWAYS_SEARCH_USER_PATHS = NO;
				CLANG_ANALYZER_NONNULL = YES;
				CLANG_ANALYZER_NUMBER_OBJECT_CONVERSION = YES_AGGRESSIVE;
				CLANG_CXX_LANGUAGE_STANDARD = "gnu++20";
				CLANG_ENABLE_MODULES = YES;
				CLANG_ENABLE_OBJC_ARC = YES;
				CLANG_ENABLE_OBJC_WEAK = YES;
				CLANG_WARN_BLOCK_CAPTURE_AUTORELEASING = YES;
				CLANG_WARN_BOOL_CONVERSION = YES;
				CLANG_WARN_COMMA = YES;
				CLANG_WARN_CONSTANT_CONVERSION = YES;
				CLANG_WARN_DEPRECATED_OBJC_IMPLEMENTATIONS = YES;
				CLANG_WARN_DIRECT_OBJC_ISA_USAGE = YES_ERROR;
				CLANG_WARN_DOCUMENTATION_COMMENTS = YES;
				CLANG_WARN_EMPTY_BODY = YES;
				CLANG_WARN_ENUM_CONVERSION = YES;
				CLANG_WARN_INFINITE_RECURSION = YES;
				CLANG_WARN_INT_CONVERSION = YES;
				CLANG_WARN_NON_LITERAL_NULL_CONVERSION = YES;
				CLANG_WARN_OBJC_IMPLICIT_RETAIN_SELF = YES;
				CLANG_WARN_OBJC_LITERAL_CONVERSION = YES;
				CLANG_WARN_OBJC_ROOT_CLASS = YES_ERROR;
				CLANG_WARN_QUOTED_INCLUDE_IN_FRAMEWORK_HEADER = YES;
				CLANG_WARN_RANGE_LOOP_ANALYSIS = YES;
				CLANG_WARN_STRICT_PROTOTYPES = YES;
				CLANG_WARN_SUSPICIOUS_MOVE = YES;
				CLANG_WARN_UNGUARDED_AVAILABILITY = YES_AGGRESSIVE;
				CLANG_WARN_UNREACHABLE_CODE = YES;
				CLANG_WARN__DUPLICATE_METHOD_MATCH = YES;
				COPY_PHASE_STRIP = NO;
				DEBUG_INFORMATION_FORMAT = dwarf;
				ENABLE_STRICT_OBJC_MSGSEND = YES;
				ENABLE_TESTABILITY = YES;
				GCC_C_LANGUAGE_STANDARD = gnu11;
				GCC_DYNAMIC_NO_PIC = NO;
				GCC_NO_COMMON_BLOCKS = YES;
				GCC_OPTIMIZATION_LEVEL = 0;
				GCC_PREPROCESSOR_DEFINITIONS = (
					"DEBUG=1",
					"$(inherited)",
				);
				GCC_WARN_64_TO_32_BIT_CONVERSION = YES;
				GCC_WARN_ABOUT_RETURN_TYPE = YES_ERROR;
				GCC_WARN_UNDECLARED_SELECTOR = YES;
				GCC_WARN_UNINITIALIZED_AUTOS = YES_AGGRESSIVE;
				GCC_WARN_UNUSED_FUNCTION = YES;
				GCC_WARN_UNUSED_VARIABLE = YES;
				IPHONEOS_DEPLOYMENT_TARGET = 16.4;
				MTL_ENABLE_DEBUG_INFO = INCLUDE_SOURCE;
				MTL_FAST_MATH = YES;
				ONLY_ACTIVE_ARCH = YES;
				SDKROOT = iphoneos;
				SWIFT_ACTIVE_COMPILATION_CONDITIONS = DEBUG;
				SWIFT_OPTIMIZATION_LEVEL = "-Onone";
			};
			name = Debug;
		};
		47A740992ABABF0C00C67B1C /* Release */ = {
			isa = XCBuildConfiguration;
			buildSettings = {
				ALWAYS_SEARCH_USER_PATHS = NO;
				CLANG_ANALYZER_NONNULL = YES;
				CLANG_ANALYZER_NUMBER_OBJECT_CONVERSION = YES_AGGRESSIVE;
				CLANG_CXX_LANGUAGE_STANDARD = "gnu++20";
				CLANG_ENABLE_MODULES = YES;
				CLANG_ENABLE_OBJC_ARC = YES;
				CLANG_ENABLE_OBJC_WEAK = YES;
				CLANG_WARN_BLOCK_CAPTURE_AUTORELEASING = YES;
				CLANG_WARN_BOOL_CONVERSION = YES;
				CLANG_WARN_COMMA = YES;
				CLANG_WARN_CONSTANT_CONVERSION = YES;
				CLANG_WARN_DEPRECATED_OBJC_IMPLEMENTATIONS = YES;
				CLANG_WARN_DIRECT_OBJC_ISA_USAGE = YES_ERROR;
				CLANG_WARN_DOCUMENTATION_COMMENTS = YES;
				CLANG_WARN_EMPTY_BODY = YES;
				CLANG_WARN_ENUM_CONVERSION = YES;
				CLANG_WARN_INFINITE_RECURSION = YES;
				CLANG_WARN_INT_CONVERSION = YES;
				CLANG_WARN_NON_LITERAL_NULL_CONVERSION = YES;
				CLANG_WARN_OBJC_IMPLICIT_RETAIN_SELF = YES;
				CLANG_WARN_OBJC_LITERAL_CONVERSION = YES;
				CLANG_WARN_OBJC_ROOT_CLASS = YES_ERROR;
				CLANG_WARN_QUOTED_INCLUDE_IN_FRAMEWORK_HEADER = YES;
				CLANG_WARN_RANGE_LOOP_ANALYSIS = YES;
				CLANG_WARN_STRICT_PROTOTYPES = YES;
				CLANG_WARN_SUSPICIOUS_MOVE = YES;
				CLANG_WARN_UNGUARDED_AVAILABILITY = YES_AGGRESSIVE;
				CLANG_WARN_UNREACHABLE_CODE = YES;
				CLANG_WARN__DUPLICATE_METHOD_MATCH = YES;
				COPY_PHASE_STRIP = NO;
				DEBUG_INFORMATION_FORMAT = "dwarf-with-dsym";
				ENABLE_NS_ASSERTIONS = NO;
				ENABLE_STRICT_OBJC_MSGSEND = YES;
				GCC_C_LANGUAGE_STANDARD = gnu11;
				GCC_NO_COMMON_BLOCKS = YES;
				GCC_WARN_64_TO_32_BIT_CONVERSION = YES;
				GCC_WARN_ABOUT_RETURN_TYPE = YES_ERROR;
				GCC_WARN_UNDECLARED_SELECTOR = YES;
				GCC_WARN_UNINITIALIZED_AUTOS = YES_AGGRESSIVE;
				GCC_WARN_UNUSED_FUNCTION = YES;
				GCC_WARN_UNUSED_VARIABLE = YES;
				IPHONEOS_DEPLOYMENT_TARGET = 16.4;
				MTL_ENABLE_DEBUG_INFO = NO;
				MTL_FAST_MATH = YES;
				SDKROOT = iphoneos;
				SWIFT_COMPILATION_MODE = wholemodule;
				SWIFT_OPTIMIZATION_LEVEL = "-O";
				VALIDATE_PRODUCT = YES;
			};
			name = Release;
		};
		47A7409B2ABABF0C00C67B1C /* Debug */ = {
			isa = XCBuildConfiguration;
			buildSettings = {
				ASSETCATALOG_COMPILER_APPICON_NAME = AppIcon;
				ASSETCATALOG_COMPILER_GLOBAL_ACCENT_COLOR_NAME = AccentColor;
				CODE_SIGN_STYLE = Automatic;
				CURRENT_PROJECT_VERSION = 1;
				DEVELOPMENT_ASSET_PATHS = "\"CycleSnap/Preview Content\"";
				DEVELOPMENT_TEAM = 3DN56K82YX;
				ENABLE_PREVIEWS = YES;
				GENERATE_INFOPLIST_FILE = YES;
				INFOPLIST_KEY_NSCameraUsageDescription = "The camera is used to capture photos.";
				INFOPLIST_KEY_UIApplicationSceneManifest_Generation = YES;
				INFOPLIST_KEY_UIApplicationSupportsIndirectInputEvents = YES;
				INFOPLIST_KEY_UILaunchScreen_Generation = YES;
				INFOPLIST_KEY_UISupportedInterfaceOrientations = UIInterfaceOrientationPortrait;
				INFOPLIST_KEY_UISupportedInterfaceOrientations_iPad = "UIInterfaceOrientationLandscapeLeft UIInterfaceOrientationLandscapeRight UIInterfaceOrientationPortrait UIInterfaceOrientationPortraitUpsideDown";
				LD_RUNPATH_SEARCH_PATHS = (
					"$(inherited)",
					"@executable_path/Frameworks",
				);
				MARKETING_VERSION = 1.0;
				PRODUCT_BUNDLE_IDENTIFIER = com.gmail.yohei.shimizu.1190.CycleSnap;
				PRODUCT_NAME = "$(TARGET_NAME)";
				SUPPORTED_PLATFORMS = "iphoneos iphonesimulator";
				SUPPORTS_MACCATALYST = NO;
				SUPPORTS_MAC_DESIGNED_FOR_IPHONE_IPAD = NO;
				SWIFT_EMIT_LOC_STRINGS = YES;
				SWIFT_VERSION = 5.0;
				TARGETED_DEVICE_FAMILY = 1;
			};
			name = Debug;
		};
		47A7409C2ABABF0C00C67B1C /* Release */ = {
			isa = XCBuildConfiguration;
			buildSettings = {
				ASSETCATALOG_COMPILER_APPICON_NAME = AppIcon;
				ASSETCATALOG_COMPILER_GLOBAL_ACCENT_COLOR_NAME = AccentColor;
				CODE_SIGN_STYLE = Automatic;
				CURRENT_PROJECT_VERSION = 1;
				DEVELOPMENT_ASSET_PATHS = "\"CycleSnap/Preview Content\"";
				DEVELOPMENT_TEAM = 3DN56K82YX;
				ENABLE_PREVIEWS = YES;
				GENERATE_INFOPLIST_FILE = YES;
				INFOPLIST_KEY_NSCameraUsageDescription = "The camera is used to capture photos.";
				INFOPLIST_KEY_UIApplicationSceneManifest_Generation = YES;
				INFOPLIST_KEY_UIApplicationSupportsIndirectInputEvents = YES;
				INFOPLIST_KEY_UILaunchScreen_Generation = YES;
				INFOPLIST_KEY_UISupportedInterfaceOrientations = UIInterfaceOrientationPortrait;
				INFOPLIST_KEY_UISupportedInterfaceOrientations_iPad = "UIInterfaceOrientationLandscapeLeft UIInterfaceOrientationLandscapeRight UIInterfaceOrientationPortrait UIInterfaceOrientationPortraitUpsideDown";
				LD_RUNPATH_SEARCH_PATHS = (
					"$(inherited)",
					"@executable_path/Frameworks",
				);
				MARKETING_VERSION = 1.0;
				PRODUCT_BUNDLE_IDENTIFIER = com.gmail.yohei.shimizu.1190.CycleSnap;
				PRODUCT_NAME = "$(TARGET_NAME)";
				SUPPORTED_PLATFORMS = "iphoneos iphonesimulator";
				SUPPORTS_MACCATALYST = NO;
				SUPPORTS_MAC_DESIGNED_FOR_IPHONE_IPAD = NO;
				SWIFT_EMIT_LOC_STRINGS = YES;
				SWIFT_VERSION = 5.0;
				TARGETED_DEVICE_FAMILY = 1;
			};
			name = Release;
		};
/* End XCBuildConfiguration section */

/* Begin XCConfigurationList section */
		47A740872ABABF0800C67B1C /* Build configuration list for PBXProject "CycleSnap" */ = {
			isa = XCConfigurationList;
			buildConfigurations = (
				47A740982ABABF0C00C67B1C /* Debug */,
				47A740992ABABF0C00C67B1C /* Release */,
			);
			defaultConfigurationIsVisible = 0;
			defaultConfigurationName = Release;
		};
		47A7409A2ABABF0C00C67B1C /* Build configuration list for PBXNativeTarget "CycleSnap" */ = {
			isa = XCConfigurationList;
			buildConfigurations = (
				47A7409B2ABABF0C00C67B1C /* Debug */,
				47A7409C2ABABF0C00C67B1C /* Release */,
			);
			defaultConfigurationIsVisible = 0;
			defaultConfigurationName = Release;
		};
/* End XCConfigurationList section */

/* Begin XCRemoteSwiftPackageReference section */
		479963372AC4E585009EDBE2 /* XCRemoteSwiftPackageReference "realm-swift" */ = {
			isa = XCRemoteSwiftPackageReference;
			repositoryURL = "https://github.com/realm/realm-swift.git";
			requirement = {
				branch = master;
				kind = branch;
			};
		};
/* End XCRemoteSwiftPackageReference section */

/* Begin XCSwiftPackageProductDependency section */
		479963382AC4E585009EDBE2 /* Realm */ = {
			isa = XCSwiftPackageProductDependency;
			package = 479963372AC4E585009EDBE2 /* XCRemoteSwiftPackageReference "realm-swift" */;
			productName = Realm;
		};
		4799633A2AC4E585009EDBE2 /* RealmSwift */ = {
			isa = XCSwiftPackageProductDependency;
			package = 479963372AC4E585009EDBE2 /* XCRemoteSwiftPackageReference "realm-swift" */;
			productName = RealmSwift;
		};
/* End XCSwiftPackageProductDependency section */
	};
	rootObject = 47A740842ABABF0800C67B1C /* Project object */;
}
